
Microsoft Visual Studio Solution File, Format Version 12.00
# Visual Studio Version 17
VisualStudioVersion = 17.5.002.0
MinimumVisualStudioVersion = 10.0.40219.1
Project("{2150E333-8FDC-42A3-9474-1A3956D46DE8}") = "sandbox", "sandbox", "{126CC667-BDE8-4D43-B8B6-6D4497F8BD4B}"
EndProject
Project("{9A19103F-16F7-4668-BE54-9A1E7A4F7556}") = "sandbox_project", "sandbox\sandbox_project\sandbox_project.csproj", "{1400ACE4-C007-49FC-AB9D-C5FC3123F608}"
EndProject
Project("{2150E333-8FDC-42A3-9474-1A3956D46DE8}") = "week01", "week01", "{4552234A-B3BD-485C-B593-0B3177A77089}"
EndProject
Project("{9A19103F-16F7-4668-BE54-9A1E7A4F7556}") = "analyze", "week01\analyze\analyze.csproj", "{021C8E71-079D-40EB-9B25-4FF2EE2E5971}"
EndProject
Project("{9A19103F-16F7-4668-BE54-9A1E7A4F7556}") = "code", "week01\code\code.csproj", "{FC8CDDED-D351-4302-808C-770F86387D77}"
EndProject
Project("{9A19103F-16F7-4668-BE54-9A1E7A4F7556}") = "teach", "week01\teach\teach.csproj", "{8FCD3F8C-06EC-483E-AA85-130744045230}"
EndProject
Project("{2150E333-8FDC-42A3-9474-1A3956D46DE8}") = "week02", "week02", "{9945B334-56C3-49DD-9910-133ACE2AC681}"
EndProject
Project("{9A19103F-16F7-4668-BE54-9A1E7A4F7556}") = "analyze", "week02\analyze\analyze.csproj", "{349EB782-D8CA-4F81-A9D8-5F7ADA2CAD01}"
EndProject
Project("{9A19103F-16F7-4668-BE54-9A1E7A4F7556}") = "code", "week02\code\code.csproj", "{6A7FD808-EA09-4577-8310-9C97124143F8}"
EndProject
Project("{9A19103F-16F7-4668-BE54-9A1E7A4F7556}") = "learn", "week02\learn\learn.csproj", "{E81A2A83-5E17-4F0B-81B6-BCF1474D560D}"
EndProject
Project("{9A19103F-16F7-4668-BE54-9A1E7A4F7556}") = "teach", "week02\teach\teach.csproj", "{E53CF831-F710-440C-AB27-63170B761D4C}"
EndProject
Project("{2150E333-8FDC-42A3-9474-1A3956D46DE8}") = "week03", "week03", "{74066F4E-71C6-47EA-9AEE-C282A21A0F3B}"
EndProject
Project("{9A19103F-16F7-4668-BE54-9A1E7A4F7556}") = "code", "week03\code\code.csproj", "{6F177FB2-03AF-4E7D-9314-0FFCB0B9C4C1}"
EndProject
Project("{9A19103F-16F7-4668-BE54-9A1E7A4F7556}") = "learn", "week03\learn\learn.csproj", "{08BE110D-7A59-43A4-9B73-669CB8A29CD7}"
EndProject
Project("{9A19103F-16F7-4668-BE54-9A1E7A4F7556}") = "teach", "week03\teach\teach.csproj", "{45B8FC8A-728D-400E-B509-47E33AD0DFF8}"
EndProject
Project("{2150E333-8FDC-42A3-9474-1A3956D46DE8}") = "week04", "week04", "{7A2132D8-899A-42AD-9824-530A4EBFDE44}"
EndProject
Project("{9A19103F-16F7-4668-BE54-9A1E7A4F7556}") = "code", "week04\code\code.csproj", "{10AF05E0-FB6E-46F0-A953-562072038DE0}"
EndProject
Project("{2150E333-8FDC-42A3-9474-1A3956D46DE8}") = "week05", "week05", "{E61BE9EE-5F39-4BC1-BD4D-15DD317AAE68}"
EndProject
Project("{9A19103F-16F7-4668-BE54-9A1E7A4F7556}") = "code", "week05\code\code.csproj", "{66E48F69-59ED-4295-925B-587D0BCA51B3}"
EndProject
Project("{2150E333-8FDC-42A3-9474-1A3956D46DE8}") = "week06", "week06", "{82805279-6481-4C90-9F9F-5E857FD8807B}"
EndProject
Project("{9A19103F-16F7-4668-BE54-9A1E7A4F7556}") = "code", "week06\code\code.csproj", "{AFF68718-F79D-4C01-88F0-7237E7E433D0}"
EndProject
Global
	GlobalSection(SolutionConfigurationPlatforms) = preSolution
		Debug|Any CPU = Debug|Any CPU
		Release|Any CPU = Release|Any CPU
	EndGlobalSection
	GlobalSection(ProjectConfigurationPlatforms) = postSolution
		{1400ACE4-C007-49FC-AB9D-C5FC3123F608}.Debug|Any CPU.ActiveCfg = Debug|Any CPU
		{1400ACE4-C007-49FC-AB9D-C5FC3123F608}.Debug|Any CPU.Build.0 = Debug|Any CPU
		{1400ACE4-C007-49FC-AB9D-C5FC3123F608}.Release|Any CPU.ActiveCfg = Release|Any CPU
		{1400ACE4-C007-49FC-AB9D-C5FC3123F608}.Release|Any CPU.Build.0 = Release|Any CPU
		{021C8E71-079D-40EB-9B25-4FF2EE2E5971}.Debug|Any CPU.ActiveCfg = Debug|Any CPU
		{021C8E71-079D-40EB-9B25-4FF2EE2E5971}.Debug|Any CPU.Build.0 = Debug|Any CPU
		{021C8E71-079D-40EB-9B25-4FF2EE2E5971}.Release|Any CPU.ActiveCfg = Release|Any CPU
		{021C8E71-079D-40EB-9B25-4FF2EE2E5971}.Release|Any CPU.Build.0 = Release|Any CPU
		{FC8CDDED-D351-4302-808C-770F86387D77}.Debug|Any CPU.ActiveCfg = Debug|Any CPU
		{FC8CDDED-D351-4302-808C-770F86387D77}.Debug|Any CPU.Build.0 = Debug|Any CPU
		{FC8CDDED-D351-4302-808C-770F86387D77}.Release|Any CPU.ActiveCfg = Release|Any CPU
		{FC8CDDED-D351-4302-808C-770F86387D77}.Release|Any CPU.Build.0 = Release|Any CPU
		{8FCD3F8C-06EC-483E-AA85-130744045230}.Debug|Any CPU.ActiveCfg = Debug|Any CPU
		{8FCD3F8C-06EC-483E-AA85-130744045230}.Debug|Any CPU.Build.0 = Debug|Any CPU
		{8FCD3F8C-06EC-483E-AA85-130744045230}.Release|Any CPU.ActiveCfg = Release|Any CPU
		{8FCD3F8C-06EC-483E-AA85-130744045230}.Release|Any CPU.Build.0 = Release|Any CPU
		{349EB782-D8CA-4F81-A9D8-5F7ADA2CAD01}.Debug|Any CPU.ActiveCfg = Debug|Any CPU
		{349EB782-D8CA-4F81-A9D8-5F7ADA2CAD01}.Debug|Any CPU.Build.0 = Debug|Any CPU
		{349EB782-D8CA-4F81-A9D8-5F7ADA2CAD01}.Release|Any CPU.ActiveCfg = Release|Any CPU
		{349EB782-D8CA-4F81-A9D8-5F7ADA2CAD01}.Release|Any CPU.Build.0 = Release|Any CPU
		{6A7FD808-EA09-4577-8310-9C97124143F8}.Debug|Any CPU.ActiveCfg = Debug|Any CPU
		{6A7FD808-EA09-4577-8310-9C97124143F8}.Debug|Any CPU.Build.0 = Debug|Any CPU
		{6A7FD808-EA09-4577-8310-9C97124143F8}.Release|Any CPU.ActiveCfg = Release|Any CPU
		{6A7FD808-EA09-4577-8310-9C97124143F8}.Release|Any CPU.Build.0 = Release|Any CPU
		{E81A2A83-5E17-4F0B-81B6-BCF1474D560D}.Debug|Any CPU.ActiveCfg = Debug|Any CPU
		{E81A2A83-5E17-4F0B-81B6-BCF1474D560D}.Debug|Any CPU.Build.0 = Debug|Any CPU
		{E81A2A83-5E17-4F0B-81B6-BCF1474D560D}.Release|Any CPU.ActiveCfg = Release|Any CPU
		{E81A2A83-5E17-4F0B-81B6-BCF1474D560D}.Release|Any CPU.Build.0 = Release|Any CPU
		{E53CF831-F710-440C-AB27-63170B761D4C}.Debug|Any CPU.ActiveCfg = Debug|Any CPU
		{E53CF831-F710-440C-AB27-63170B761D4C}.Debug|Any CPU.Build.0 = Debug|Any CPU
		{E53CF831-F710-440C-AB27-63170B761D4C}.Release|Any CPU.ActiveCfg = Release|Any CPU
		{E53CF831-F710-440C-AB27-63170B761D4C}.Release|Any CPU.Build.0 = Release|Any CPU
		{6F177FB2-03AF-4E7D-9314-0FFCB0B9C4C1}.Debug|Any CPU.ActiveCfg = Debug|Any CPU
		{6F177FB2-03AF-4E7D-9314-0FFCB0B9C4C1}.Debug|Any CPU.Build.0 = Debug|Any CPU
		{6F177FB2-03AF-4E7D-9314-0FFCB0B9C4C1}.Release|Any CPU.ActiveCfg = Release|Any CPU
		{6F177FB2-03AF-4E7D-9314-0FFCB0B9C4C1}.Release|Any CPU.Build.0 = Release|Any CPU
		{08BE110D-7A59-43A4-9B73-669CB8A29CD7}.Debug|Any CPU.ActiveCfg = Debug|Any CPU
		{08BE110D-7A59-43A4-9B73-669CB8A29CD7}.Debug|Any CPU.Build.0 = Debug|Any CPU
		{08BE110D-7A59-43A4-9B73-669CB8A29CD7}.Release|Any CPU.ActiveCfg = Release|Any CPU
		{08BE110D-7A59-43A4-9B73-669CB8A29CD7}.Release|Any CPU.Build.0 = Release|Any CPU
		{45B8FC8A-728D-400E-B509-47E33AD0DFF8}.Debug|Any CPU.ActiveCfg = Debug|Any CPU
		{45B8FC8A-728D-400E-B509-47E33AD0DFF8}.Debug|Any CPU.Build.0 = Debug|Any CPU
		{45B8FC8A-728D-400E-B509-47E33AD0DFF8}.Release|Any CPU.ActiveCfg = Release|Any CPU
		{45B8FC8A-728D-400E-B509-47E33AD0DFF8}.Release|Any CPU.Build.0 = Release|Any CPU
		{10AF05E0-FB6E-46F0-A953-562072038DE0}.Debug|Any CPU.ActiveCfg = Debug|Any CPU
		{10AF05E0-FB6E-46F0-A953-562072038DE0}.Debug|Any CPU.Build.0 = Debug|Any CPU
		{10AF05E0-FB6E-46F0-A953-562072038DE0}.Release|Any CPU.ActiveCfg = Release|Any CPU
		{10AF05E0-FB6E-46F0-A953-562072038DE0}.Release|Any CPU.Build.0 = Release|Any CPU
		{66E48F69-59ED-4295-925B-587D0BCA51B3}.Debug|Any CPU.ActiveCfg = Debug|Any CPU
		{66E48F69-59ED-4295-925B-587D0BCA51B3}.Debug|Any CPU.Build.0 = Debug|Any CPU
		{66E48F69-59ED-4295-925B-587D0BCA51B3}.Release|Any CPU.ActiveCfg = Release|Any CPU
		{66E48F69-59ED-4295-925B-587D0BCA51B3}.Release|Any CPU.Build.0 = Release|Any CPU
		{AFF68718-F79D-4C01-88F0-7237E7E433D0}.Debug|Any CPU.ActiveCfg = Debug|Any CPU
		{AFF68718-F79D-4C01-88F0-7237E7E433D0}.Debug|Any CPU.Build.0 = Debug|Any CPU
		{AFF68718-F79D-4C01-88F0-7237E7E433D0}.Release|Any CPU.ActiveCfg = Release|Any CPU
		{AFF68718-F79D-4C01-88F0-7237E7E433D0}.Release|Any CPU.Build.0 = Release|Any CPU
	EndGlobalSection
	GlobalSection(SolutionProperties) = preSolution
		HideSolutionNode = FALSE
	EndGlobalSection
	GlobalSection(NestedProjects) = preSolution
		{1400ACE4-C007-49FC-AB9D-C5FC3123F608} = {126CC667-BDE8-4D43-B8B6-6D4497F8BD4B}
		{021C8E71-079D-40EB-9B25-4FF2EE2E5971} = {4552234A-B3BD-485C-B593-0B3177A77089}
		{FC8CDDED-D351-4302-808C-770F86387D77} = {4552234A-B3BD-485C-B593-0B3177A77089}
		{8FCD3F8C-06EC-483E-AA85-130744045230} = {4552234A-B3BD-485C-B593-0B3177A77089}
		{349EB782-D8CA-4F81-A9D8-5F7ADA2CAD01} = {9945B334-56C3-49DD-9910-133ACE2AC681}
		{6A7FD808-EA09-4577-8310-9C97124143F8} = {9945B334-56C3-49DD-9910-133ACE2AC681}
		{E81A2A83-5E17-4F0B-81B6-BCF1474D560D} = {9945B334-56C3-49DD-9910-133ACE2AC681}
		{E53CF831-F710-440C-AB27-63170B761D4C} = {9945B334-56C3-49DD-9910-133ACE2AC681}
		{6F177FB2-03AF-4E7D-9314-0FFCB0B9C4C1} = {74066F4E-71C6-47EA-9AEE-C282A21A0F3B}
		{08BE110D-7A59-43A4-9B73-669CB8A29CD7} = {74066F4E-71C6-47EA-9AEE-C282A21A0F3B}
		{45B8FC8A-728D-400E-B509-47E33AD0DFF8} = {74066F4E-71C6-47EA-9AEE-C282A21A0F3B}
		{10AF05E0-FB6E-46F0-A953-562072038DE0} = {7A2132D8-899A-42AD-9824-530A4EBFDE44}
		{66E48F69-59ED-4295-925B-587D0BCA51B3} = {E61BE9EE-5F39-4BC1-BD4D-15DD317AAE68}
		{AFF68718-F79D-4C01-88F0-7237E7E433D0} = {82805279-6481-4C90-9F9F-5E857FD8807B}
	EndGlobalSection
	GlobalSection(ExtensibilityGlobals) = postSolution
		SolutionGuid = {744C90E4-A4C9-4176-8B4D-901B13D9A8ED}
	EndGlobalSection
EndGlobal
